
Microsoft Visual Studio Solution File, Format Version 12.00
# Visual Studio Version 17
VisualStudioVersion = 17.4.33205.214
MinimumVisualStudioVersion = 10.0.40219.1
Project("{FAE04EC0-301F-11D3-BF4B-00C04F79EFBC}") = "Agent", "Agent\Agent.csproj", "{ADADCC39-AFC7-4C26-BF3A-CB431EB9AAD6}"
EndProject
Project("{9A19103F-16F7-4668-BE54-9A1E7A4F7556}") = "DeviceSDK", "DeviceSDK\DeviceSDK.csproj", "{7E3B0548-3181-4CCA-A226-D078044EA333}"
EndProject
Global
	GlobalSection(SolutionConfigurationPlatforms) = preSolution
		Debug|Any CPU = Debug|Any CPU
		Release|Any CPU = Release|Any CPU
	EndGlobalSection
	GlobalSection(ProjectConfigurationPlatforms) = postSolution
		{ADADCC39-AFC7-4C26-BF3A-CB431EB9AAD6}.Debug|Any CPU.ActiveCfg = Debug|Any CPU
		{ADADCC39-AFC7-4C26-BF3A-CB431EB9AAD6}.Debug|Any CPU.Build.0 = Debug|Any CPU
		{ADADCC39-AFC7-4C26-BF3A-CB431EB9AAD6}.Release|Any CPU.ActiveCfg = Release|Any CPU
		{ADADCC39-AFC7-4C26-BF3A-CB431EB9AAD6}.Release|Any CPU.Build.0 = Release|Any CPU
		{7E3B0548-3181-4CCA-A226-D078044EA333}.Debug|Any CPU.ActiveCfg = Debug|Any CPU
		{7E3B0548-3181-4CCA-A226-D078044EA333}.Debug|Any CPU.Build.0 = Debug|Any CPU
		{7E3B0548-3181-4CCA-A226-D078044EA333}.Release|Any CPU.ActiveCfg = Release|Any CPU
		{7E3B0548-3181-4CCA-A226-D078044EA333}.Release|Any CPU.Build.0 = Release|Any CPU
	EndGlobalSection
	GlobalSection(SolutionProperties) = preSolution
		HideSolutionNode = FALSE
	EndGlobalSection
	GlobalSection(ExtensibilityGlobals) = postSolution
		SolutionGuid = {2B564CB2-6304-4FCA-8A30-5E2E76224BAC}
	EndGlobalSection
EndGlobal
